
Microsoft Visual Studio Solution File, Format Version 12.00
# Visual Studio 15
VisualStudioVersion = 15.0.28307.705
MinimumVisualStudioVersion = 10.0.40219.1
Project("{FAE04EC0-301F-11D3-BF4B-00C04F79EFBC}") = "APiFac3", "APiFac3\APiFac3.csproj", "{CE7ACAFD-BF2E-4671-8E58-C39A5E1050C7}"
EndProject
Global
	GlobalSection(SolutionConfigurationPlatforms) = preSolution
		Debug|Any CPU = Debug|Any CPU
		Release|Any CPU = Release|Any CPU
	EndGlobalSection
	GlobalSection(ProjectConfigurationPlatforms) = postSolution
		{CE7ACAFD-BF2E-4671-8E58-C39A5E1050C7}.Debug|Any CPU.ActiveCfg = Debug|Any CPU
		{CE7ACAFD-BF2E-4671-8E58-C39A5E1050C7}.Debug|Any CPU.Build.0 = Debug|Any CPU
		{CE7ACAFD-BF2E-4671-8E58-C39A5E1050C7}.Release|Any CPU.ActiveCfg = Release|Any CPU
		{CE7ACAFD-BF2E-4671-8E58-C39A5E1050C7}.Release|Any CPU.Build.0 = Release|Any CPU
	EndGlobalSection
	GlobalSection(SolutionProperties) = preSolution
		HideSolutionNode = FALSE
	EndGlobalSection
	GlobalSection(ExtensibilityGlobals) = postSolution
		SolutionGuid = {6A3C3EAA-0C60-4E52-BC17-860D472015FA}
	EndGlobalSection
EndGlobal
