
Microsoft Visual Studio Solution File, Format Version 12.00
# Visual Studio 15
VisualStudioVersion = 15.0.28307.705
MinimumVisualStudioVersion = 10.0.40219.1
Project("{FAE04EC0-301F-11D3-BF4B-00C04F79EFBC}") = "Facturacion2", "Facturacion2\Facturacion2.csproj", "{26A82EED-4755-4E4C-9C9C-3859D478E290}"
EndProject
Global
	GlobalSection(SolutionConfigurationPlatforms) = preSolution
		Debug|Any CPU = Debug|Any CPU
		Release|Any CPU = Release|Any CPU
	EndGlobalSection
	GlobalSection(ProjectConfigurationPlatforms) = postSolution
		{26A82EED-4755-4E4C-9C9C-3859D478E290}.Debug|Any CPU.ActiveCfg = Debug|Any CPU
		{26A82EED-4755-4E4C-9C9C-3859D478E290}.Debug|Any CPU.Build.0 = Debug|Any CPU
		{26A82EED-4755-4E4C-9C9C-3859D478E290}.Release|Any CPU.ActiveCfg = Release|Any CPU
		{26A82EED-4755-4E4C-9C9C-3859D478E290}.Release|Any CPU.Build.0 = Release|Any CPU
	EndGlobalSection
	GlobalSection(SolutionProperties) = preSolution
		HideSolutionNode = FALSE
	EndGlobalSection
	GlobalSection(ExtensibilityGlobals) = postSolution
		SolutionGuid = {A12529EA-F267-4FA7-A1EC-F40B7BB2ABA9}
	EndGlobalSection
EndGlobal
